// !$*UTF8*$!
{
	archiveVersion = 1;
	classes = {
	};
	objectVersion = 55;
	objects = {

/* Begin PBXBuildFile section */
		7A42F97C015FD5EF622BD490 /* Pods_RxPlaygrounds.framework in Frameworks */ = {isa = PBXBuildFile; fileRef = 3C32D257A555CCA6B208BA0F /* Pods_RxPlaygrounds.framework */; };
		EE3FCAEC27C8B85D003CCCA9 /* AppDelegate.swift in Sources */ = {isa = PBXBuildFile; fileRef = EE3FCAEB27C8B85D003CCCA9 /* AppDelegate.swift */; };
		EE3FCAEE27C8B85D003CCCA9 /* SceneDelegate.swift in Sources */ = {isa = PBXBuildFile; fileRef = EE3FCAED27C8B85D003CCCA9 /* SceneDelegate.swift */; };
		EE3FCAF027C8B85D003CCCA9 /* ViewController.swift in Sources */ = {isa = PBXBuildFile; fileRef = EE3FCAEF27C8B85D003CCCA9 /* ViewController.swift */; };
		EE3FCAF327C8B85D003CCCA9 /* Main.storyboard in Resources */ = {isa = PBXBuildFile; fileRef = EE3FCAF127C8B85D003CCCA9 /* Main.storyboard */; };
		EE3FCAF527C8B85E003CCCA9 /* Assets.xcassets in Resources */ = {isa = PBXBuildFile; fileRef = EE3FCAF427C8B85E003CCCA9 /* Assets.xcassets */; };
		EE3FCAF827C8B85E003CCCA9 /* LaunchScreen.storyboard in Resources */ = {isa = PBXBuildFile; fileRef = EE3FCAF627C8B85E003CCCA9 /* LaunchScreen.storyboard */; };
/* End PBXBuildFile section */

/* Begin PBXFileReference section */
		3C32D257A555CCA6B208BA0F /* Pods_RxPlaygrounds.framework */ = {isa = PBXFileReference; explicitFileType = wrapper.framework; includeInIndex = 0; path = Pods_RxPlaygrounds.framework; sourceTree = BUILT_PRODUCTS_DIR; };
		5D7BEBF83DC8D09AA0ABDE34 /* Pods-RxPlaygrounds.debug.xcconfig */ = {isa = PBXFileReference; includeInIndex = 1; lastKnownFileType = text.xcconfig; name = "Pods-RxPlaygrounds.debug.xcconfig"; path = "Target Support Files/Pods-RxPlaygrounds/Pods-RxPlaygrounds.debug.xcconfig"; sourceTree = "<group>"; };
		693E8D3EC4495E8AE9B4533D /* Pods-RxPlaygrounds.release.xcconfig */ = {isa = PBXFileReference; includeInIndex = 1; lastKnownFileType = text.xcconfig; name = "Pods-RxPlaygrounds.release.xcconfig"; path = "Target Support Files/Pods-RxPlaygrounds/Pods-RxPlaygrounds.release.xcconfig"; sourceTree = "<group>"; };
		EE3FCAE827C8B85D003CCCA9 /* RxPlaygrounds.app */ = {isa = PBXFileReference; explicitFileType = wrapper.application; includeInIndex = 0; path = RxPlaygrounds.app; sourceTree = BUILT_PRODUCTS_DIR; };
		EE3FCAEB27C8B85D003CCCA9 /* AppDelegate.swift */ = {isa = PBXFileReference; lastKnownFileType = sourcecode.swift; path = AppDelegate.swift; sourceTree = "<group>"; };
		EE3FCAED27C8B85D003CCCA9 /* SceneDelegate.swift */ = {isa = PBXFileReference; lastKnownFileType = sourcecode.swift; path = SceneDelegate.swift; sourceTree = "<group>"; };
		EE3FCAEF27C8B85D003CCCA9 /* ViewController.swift */ = {isa = PBXFileReference; lastKnownFileType = sourcecode.swift; path = ViewController.swift; sourceTree = "<group>"; };
		EE3FCAF227C8B85D003CCCA9 /* Base */ = {isa = PBXFileReference; lastKnownFileType = file.storyboard; name = Base; path = Base.lproj/Main.storyboard; sourceTree = "<group>"; };
		EE3FCAF427C8B85E003CCCA9 /* Assets.xcassets */ = {isa = PBXFileReference; lastKnownFileType = folder.assetcatalog; path = Assets.xcassets; sourceTree = "<group>"; };
		EE3FCAF727C8B85E003CCCA9 /* Base */ = {isa = PBXFileReference; lastKnownFileType = file.storyboard; name = Base; path = Base.lproj/LaunchScreen.storyboard; sourceTree = "<group>"; };
		EE3FCAF927C8B85E003CCCA9 /* Info.plist */ = {isa = PBXFileReference; lastKnownFileType = text.plist.xml; path = Info.plist; sourceTree = "<group>"; };
		EE3FCAFF27C8B8A1003CCCA9 /* RxPlayground.playground */ = {isa = PBXFileReference; lastKnownFileType = file.playground; path = RxPlayground.playground; sourceTree = "<group>"; xcLanguageSpecificationIdentifier = xcode.lang.swift; };
/* End PBXFileReference section */

/* Begin PBXFrameworksBuildPhase section */
		EE3FCAE527C8B85D003CCCA9 /* Frameworks */ = {
			isa = PBXFrameworksBuildPhase;
			buildActionMask = 2147483647;
			files = (
				7A42F97C015FD5EF622BD490 /* Pods_RxPlaygrounds.framework in Frameworks */,
			);
			runOnlyForDeploymentPostprocessing = 0;
		};
/* End PBXFrameworksBuildPhase section */

/* Begin PBXGroup section */
		6B8B4C9F515F0F0ED6BE3765 /* Pods */ = {
			isa = PBXGroup;
			children = (
				5D7BEBF83DC8D09AA0ABDE34 /* Pods-RxPlaygrounds.debug.xcconfig */,
				693E8D3EC4495E8AE9B4533D /* Pods-RxPlaygrounds.release.xcconfig */,
			);
			name = Pods;
			path = Pods;
			sourceTree = "<group>";
		};
		EE3FCADF27C8B85D003CCCA9 = {
			isa = PBXGroup;
			children = (
				EE3FCAFF27C8B8A1003CCCA9 /* RxPlayground.playground */,
				EE3FCAEA27C8B85D003CCCA9 /* RxPlaygrounds */,
				EE3FCAE927C8B85D003CCCA9 /* Products */,
				6B8B4C9F515F0F0ED6BE3765 /* Pods */,
				FE2AA9C9B290CB392D3C974C /* Frameworks */,
			);
			sourceTree = "<group>";
		};
		EE3FCAE927C8B85D003CCCA9 /* Products */ = {
			isa = PBXGroup;
			children = (
				EE3FCAE827C8B85D003CCCA9 /* RxPlaygrounds.app */,
			);
			name = Products;
			sourceTree = "<group>";
		};
		EE3FCAEA27C8B85D003CCCA9 /* RxPlaygrounds */ = {
			isa = PBXGroup;
			children = (
				EE3FCAEB27C8B85D003CCCA9 /* AppDelegate.swift */,
				EE3FCAED27C8B85D003CCCA9 /* SceneDelegate.swift */,
				EE3FCAEF27C8B85D003CCCA9 /* ViewController.swift */,
				EE3FCAF127C8B85D003CCCA9 /* Main.storyboard */,
				EE3FCAF427C8B85E003CCCA9 /* Assets.xcassets */,
				EE3FCAF627C8B85E003CCCA9 /* LaunchScreen.storyboard */,
				EE3FCAF927C8B85E003CCCA9 /* Info.plist */,
			);
			path = RxPlaygrounds;
			sourceTree = "<group>";
		};
		FE2AA9C9B290CB392D3C974C /* Frameworks */ = {
			isa = PBXGroup;
			children = (
				3C32D257A555CCA6B208BA0F /* Pods_RxPlaygrounds.framework */,
			);
			name = Frameworks;
			sourceTree = "<group>";
		};
/* End PBXGroup section */

/* Begin PBXNativeTarget section */
		EE3FCAE727C8B85D003CCCA9 /* RxPlaygrounds */ = {
			isa = PBXNativeTarget;
			buildConfigurationList = EE3FCAFC27C8B85E003CCCA9 /* Build configuration list for PBXNativeTarget "RxPlaygrounds" */;
			buildPhases = (
				BE2AE511F1B642A77E0721EB /* [CP] Check Pods Manifest.lock */,
				EE3FCAE427C8B85D003CCCA9 /* Sources */,
				EE3FCAE527C8B85D003CCCA9 /* Frameworks */,
				EE3FCAE627C8B85D003CCCA9 /* Resources */,
				693865F92CFCD02348111536 /* [CP] Embed Pods Frameworks */,
			);
			buildRules = (
			);
			dependencies = (
			);
			name = RxPlaygrounds;
			productName = RxPlaygrounds;
			productReference = EE3FCAE827C8B85D003CCCA9 /* RxPlaygrounds.app */;
			productType = "com.apple.product-type.application";
		};
/* End PBXNativeTarget section */

/* Begin PBXProject section */
		EE3FCAE027C8B85D003CCCA9 /* Project object */ = {
			isa = PBXProject;
			attributes = {
				BuildIndependentTargetsInParallel = 1;
				LastSwiftUpdateCheck = 1320;
				LastUpgradeCheck = 1320;
				TargetAttributes = {
					EE3FCAE727C8B85D003CCCA9 = {
						CreatedOnToolsVersion = 13.2.1;
					};
				};
			};
			buildConfigurationList = EE3FCAE327C8B85D003CCCA9 /* Build configuration list for PBXProject "RxPlaygrounds" */;
			compatibilityVersion = "Xcode 13.0";
			developmentRegion = en;
			hasScannedForEncodings = 0;
			knownRegions = (
				en,
				Base,
			);
			mainGroup = EE3FCADF27C8B85D003CCCA9;
			productRefGroup = EE3FCAE927C8B85D003CCCA9 /* Products */;
			projectDirPath = "";
			projectRoot = "";
			targets = (
				EE3FCAE727C8B85D003CCCA9 /* RxPlaygrounds */,
			);
		};
/* End PBXProject section */

/* Begin PBXResourcesBuildPhase section */
		EE3FCAE627C8B85D003CCCA9 /* Resources */ = {
			isa = PBXResourcesBuildPhase;
			buildActionMask = 2147483647;
			files = (
				EE3FCAF827C8B85E003CCCA9 /* LaunchScreen.storyboard in Resources */,
				EE3FCAF527C8B85E003CCCA9 /* Assets.xcassets in Resources */,
				EE3FCAF327C8B85D003CCCA9 /* Main.storyboard in Resources */,
			);
			runOnlyForDeploymentPostprocessing = 0;
		};
/* End PBXResourcesBuildPhase section */

/* Begin PBXShellScriptBuildPhase section */
		693865F92CFCD02348111536 /* [CP] Embed Pods Frameworks */ = {
			isa = PBXShellScriptBuildPhase;
			buildActionMask = 2147483647;
			files = (
			);
			inputFileListPaths = (
				"${PODS_ROOT}/Target Support Files/Pods-RxPlaygrounds/Pods-RxPlaygrounds-frameworks-${CONFIGURATION}-input-files.xcfilelist",
			);
			name = "[CP] Embed Pods Frameworks";
			outputFileListPaths = (
				"${PODS_ROOT}/Target Support Files/Pods-RxPlaygrounds/Pods-RxPlaygrounds-frameworks-${CONFIGURATION}-output-files.xcfilelist",
			);
			runOnlyForDeploymentPostprocessing = 0;
			shellPath = /bin/sh;
			shellScript = "\"${PODS_ROOT}/Target Support Files/Pods-RxPlaygrounds/Pods-RxPlaygrounds-frameworks.sh\"\n";
			showEnvVarsInLog = 0;
		};
		BE2AE511F1B642A77E0721EB /* [CP] Check Pods Manifest.lock */ = {
			isa = PBXShellScriptBuildPhase;
			buildActionMask = 2147483647;
			files = (
			);
			inputFileListPaths = (
			);
			inputPaths = (
				"${PODS_PODFILE_DIR_PATH}/Podfile.lock",
				"${PODS_ROOT}/Manifest.lock",
			);
			name = "[CP] Check Pods Manifest.lock";
			outputFileListPaths = (
			);
			outputPaths = (
				"$(DERIVED_FILE_DIR)/Pods-RxPlaygrounds-checkManifestLockResult.txt",
			);
			runOnlyForDeploymentPostprocessing = 0;
			shellPath = /bin/sh;
			shellScript = "diff \"${PODS_PODFILE_DIR_PATH}/Podfile.lock\" \"${PODS_ROOT}/Manifest.lock\" > /dev/null\nif [ $? != 0 ] ; then\n    # print error to STDERR\n    echo \"error: The sandbox is not in sync with the Podfile.lock. Run 'pod install' or update your CocoaPods installation.\" >&2\n    exit 1\nfi\n# This output is used by Xcode 'outputs' to avoid re-running this script phase.\necho \"SUCCESS\" > \"${SCRIPT_OUTPUT_FILE_0}\"\n";
			showEnvVarsInLog = 0;
		};
/* End PBXShellScriptBuildPhase section */

/* Begin PBXSourcesBuildPhase section */
		EE3FCAE427C8B85D003CCCA9 /* Sources */ = {
			isa = PBXSourcesBuildPhase;
			buildActionMask = 2147483647;
			files = (
				EE3FCAF027C8B85D003CCCA9 /* ViewController.swift in Sources */,
				EE3FCAEC27C8B85D003CCCA9 /* AppDelegate.swift in Sources */,
				EE3FCAEE27C8B85D003CCCA9 /* SceneDelegate.swift in Sources */,
			);
			runOnlyForDeploymentPostprocessing = 0;
		};
/* End PBXSourcesBuildPhase section */

/* Begin PBXVariantGroup section */
		EE3FCAF127C8B85D003CCCA9 /* Main.storyboard */ = {
			isa = PBXVariantGroup;
			children = (
				EE3FCAF227C8B85D003CCCA9 /* Base */,
			);
			name = Main.storyboard;
			sourceTree = "<group>";
		};
		EE3FCAF627C8B85E003CCCA9 /* LaunchScreen.storyboard */ = {
			isa = PBXVariantGroup;
			children = (
				EE3FCAF727C8B85E003CCCA9 /* Base */,
			);
			name = LaunchScreen.storyboard;
			sourceTree = "<group>";
		};
/* End PBXVariantGroup section */

/* Begin XCBuildConfiguration section */
		EE3FCAFA27C8B85E003CCCA9 /* Debug */ = {
			isa = XCBuildConfiguration;
			buildSettings = {
				ALWAYS_SEARCH_USER_PATHS = NO;
				CLANG_ANALYZER_NONNULL = YES;
				CLANG_ANALYZER_NUMBER_OBJECT_CONVERSION = YES_AGGRESSIVE;
				CLANG_CXX_LANGUAGE_STANDARD = "gnu++17";
				CLANG_CXX_LIBRARY = "libc++";
				CLANG_ENABLE_MODULES = YES;
				CLANG_ENABLE_OBJC_ARC = YES;
				CLANG_ENABLE_OBJC_WEAK = YES;
				CLANG_WARN_BLOCK_CAPTURE_AUTORELEASING = YES;
				CLANG_WARN_BOOL_CONVERSION = YES;
				CLANG_WARN_COMMA = YES;
				CLANG_WARN_CONSTANT_CONVERSION = YES;
				CLANG_WARN_DEPRECATED_OBJC_IMPLEMENTATIONS = YES;
				CLANG_WARN_DIRECT_OBJC_ISA_USAGE = YES_ERROR;
				CLANG_WARN_DOCUMENTATION_COMMENTS = YES;
				CLANG_WARN_EMPTY_BODY = YES;
				CLANG_WARN_ENUM_CONVERSION = YES;
				CLANG_WARN_INFINITE_RECURSION = YES;
				CLANG_WARN_INT_CONVERSION = YES;
				CLANG_WARN_NON_LITERAL_NULL_CONVERSION = YES;
				CLANG_WARN_OBJC_IMPLICIT_RETAIN_SELF = YES;
				CLANG_WARN_OBJC_LITERAL_CONVERSION = YES;
				CLANG_WARN_OBJC_ROOT_CLASS = YES_ERROR;
				CLANG_WARN_QUOTED_INCLUDE_IN_FRAMEWORK_HEADER = YES;
				CLANG_WARN_RANGE_LOOP_ANALYSIS = YES;
				CLANG_WARN_STRICT_PROTOTYPES = YES;
				CLANG_WARN_SUSPICIOUS_MOVE = YES;
				CLANG_WARN_UNGUARDED_AVAILABILITY = YES_AGGRESSIVE;
				CLANG_WARN_UNREACHABLE_CODE = YES;
				CLANG_WARN__DUPLICATE_METHOD_MATCH = YES;
				COPY_PHASE_STRIP = NO;
				DEBUG_INFORMATION_FORMAT = dwarf;
				ENABLE_STRICT_OBJC_MSGSEND = YES;
				ENABLE_TESTABILITY = YES;
				GCC_C_LANGUAGE_STANDARD = gnu11;
				GCC_DYNAMIC_NO_PIC = NO;
				GCC_NO_COMMON_BLOCKS = YES;
				GCC_OPTIMIZATION_LEVEL = 0;
				GCC_PREPROCESSOR_DEFINITIONS = (
					"DEBUG=1",
					"$(inherited)",
				);
				GCC_WARN_64_TO_32_BIT_CONVERSION = YES;
				GCC_WARN_ABOUT_RETURN_TYPE = YES_ERROR;
				GCC_WARN_UNDECLARED_SELECTOR = YES;
				GCC_WARN_UNINITIALIZED_AUTOS = YES_AGGRESSIVE;
				GCC_WARN_UNUSED_FUNCTION = YES;
				GCC_WARN_UNUSED_VARIABLE = YES;
				IPHONEOS_DEPLOYMENT_TARGET = 15.2;
				MTL_ENABLE_DEBUG_INFO = INCLUDE_SOURCE;
				MTL_FAST_MATH = YES;
				ONLY_ACTIVE_ARCH = YES;
				SDKROOT = iphoneos;
				SWIFT_ACTIVE_COMPILATION_CONDITIONS = DEBUG;
				SWIFT_OPTIMIZATION_LEVEL = "-Onone";
			};
			name = Debug;
		};
		EE3FCAFB27C8B85E003CCCA9 /* Release */ = {
			isa = XCBuildConfiguration;
			buildSettings = {
				ALWAYS_SEARCH_USER_PATHS = NO;
				CLANG_ANALYZER_NONNULL = YES;
				CLANG_ANALYZER_NUMBER_OBJECT_CONVERSION = YES_AGGRESSIVE;
				CLANG_CXX_LANGUAGE_STANDARD = "gnu++17";
				CLANG_CXX_LIBRARY = "libc++";
				CLANG_ENABLE_MODULES = YES;
				CLANG_ENABLE_OBJC_ARC = YES;
				CLANG_ENABLE_OBJC_WEAK = YES;
				CLANG_WARN_BLOCK_CAPTURE_AUTORELEASING = YES;
				CLANG_WARN_BOOL_CONVERSION = YES;
				CLANG_WARN_COMMA = YES;
				CLANG_WARN_CONSTANT_CONVERSION = YES;
				CLANG_WARN_DEPRECATED_OBJC_IMPLEMENTATIONS = YES;
				CLANG_WARN_DIRECT_OBJC_ISA_USAGE = YES_ERROR;
				CLANG_WARN_DOCUMENTATION_COMMENTS = YES;
				CLANG_WARN_EMPTY_BODY = YES;
				CLANG_WARN_ENUM_CONVERSION = YES;
				CLANG_WARN_INFINITE_RECURSION = YES;
				CLANG_WARN_INT_CONVERSION = YES;
				CLANG_WARN_NON_LITERAL_NULL_CONVERSION = YES;
				CLANG_WARN_OBJC_IMPLICIT_RETAIN_SELF = YES;
				CLANG_WARN_OBJC_LITERAL_CONVERSION = YES;
				CLANG_WARN_OBJC_ROOT_CLASS = YES_ERROR;
				CLANG_WARN_QUOTED_INCLUDE_IN_FRAMEWORK_HEADER = YES;
				CLANG_WARN_RANGE_LOOP_ANALYSIS = YES;
				CLANG_WARN_STRICT_PROTOTYPES = YES;
				CLANG_WARN_SUSPICIOUS_MOVE = YES;
				CLANG_WARN_UNGUARDED_AVAILABILITY = YES_AGGRESSIVE;
				CLANG_WARN_UNREACHABLE_CODE = YES;
				CLANG_WARN__DUPLICATE_METHOD_MATCH = YES;
				COPY_PHASE_STRIP = NO;
				DEBUG_INFORMATION_FORMAT = "dwarf-with-dsym";
				ENABLE_NS_ASSERTIONS = NO;
				ENABLE_STRICT_OBJC_MSGSEND = YES;
				GCC_C_LANGUAGE_STANDARD = gnu11;
				GCC_NO_COMMON_BLOCKS = YES;
				GCC_WARN_64_TO_32_BIT_CONVERSION = YES;
				GCC_WARN_ABOUT_RETURN_TYPE = YES_ERROR;
				GCC_WARN_UNDECLARED_SELECTOR = YES;
				GCC_WARN_UNINITIALIZED_AUTOS = YES_AGGRESSIVE;
				GCC_WARN_UNUSED_FUNCTION = YES;
				GCC_WARN_UNUSED_VARIABLE = YES;
				IPHONEOS_DEPLOYMENT_TARGET = 15.2;
				MTL_ENABLE_DEBUG_INFO = NO;
				MTL_FAST_MATH = YES;
				SDKROOT = iphoneos;
				SWIFT_COMPILATION_MODE = wholemodule;
				SWIFT_OPTIMIZATION_LEVEL = "-O";
				VALIDATE_PRODUCT = YES;
			};
			name = Release;
		};
		EE3FCAFD27C8B85E003CCCA9 /* Debug */ = {
			isa = XCBuildConfiguration;
			baseConfigurationReference = 5D7BEBF83DC8D09AA0ABDE34 /* Pods-RxPlaygrounds.debug.xcconfig */;
			buildSettings = {
				ASSETCATALOG_COMPILER_APPICON_NAME = AppIcon;
				ASSETCATALOG_COMPILER_GLOBAL_ACCENT_COLOR_NAME = AccentColor;
				CODE_SIGN_STYLE = Automatic;
				CURRENT_PROJECT_VERSION = 1;
				GENERATE_INFOPLIST_FILE = YES;
				INFOPLIST_FILE = RxPlaygrounds/Info.plist;
				INFOPLIST_KEY_UIApplicationSupportsIndirectInputEvents = YES;
				INFOPLIST_KEY_UILaunchStoryboardName = LaunchScreen;
				INFOPLIST_KEY_UIMainStoryboardFile = Main;
				INFOPLIST_KEY_UISupportedInterfaceOrientations_iPad = "UIInterfaceOrientationPortrait UIInterfaceOrientationPortraitUpsideDown UIInterfaceOrientationLandscapeLeft UIInterfaceOrientationLandscapeRight";
				INFOPLIST_KEY_UISupportedInterfaceOrientations_iPhone = "UIInterfaceOrientationPortrait UIInterfaceOrientationLandscapeLeft UIInterfaceOrientationLandscapeRight";
				LD_RUNPATH_SEARCH_PATHS = (
					"$(inherited)",
					"@executable_path/Frameworks",
				);
				MARKETING_VERSION = 1.0;
				PRODUCT_BUNDLE_IDENTIFIER = com.dahyechoi.RxPlaygrounds;
				PRODUCT_NAME = "$(TARGET_NAME)";
				SWIFT_EMIT_LOC_STRINGS = YES;
				SWIFT_VERSION = 5.0;
				TARGETED_DEVICE_FAMILY = "1,2";
			};
			name = Debug;
		};
		EE3FCAFE27C8B85E003CCCA9 /* Release */ = {
			isa = XCBuildConfiguration;
			baseConfigurationReference = 693E8D3EC4495E8AE9B4533D /* Pods-RxPlaygrounds.release.xcconfig */;
			buildSettings = {
				ASSETCATALOG_COMPILER_APPICON_NAME = AppIcon;
				ASSETCATALOG_COMPILER_GLOBAL_ACCENT_COLOR_NAME = AccentColor;
				CODE_SIGN_STYLE = Automatic;
				CURRENT_PROJECT_VERSION = 1;
				GENERATE_INFOPLIST_FILE = YES;
				INFOPLIST_FILE = RxPlaygrounds/Info.plist;
				INFOPLIST_KEY_UIApplicationSupportsIndirectInputEvents = YES;
				INFOPLIST_KEY_UILaunchStoryboardName = LaunchScreen;
				INFOPLIST_KEY_UIMainStoryboardFile = Main;
				INFOPLIST_KEY_UISupportedInterfaceOrientations_iPad = "UIInterfaceOrientationPortrait UIInterfaceOrientationPortraitUpsideDown UIInterfaceOrientationLandscapeLeft UIInterfaceOrientationLandscapeRight";
				INFOPLIST_KEY_UISupportedInterfaceOrientations_iPhone = "UIInterfaceOrientationPortrait UIInterfaceOrientationLandscapeLeft UIInterfaceOrientationLandscapeRight";
				LD_RUNPATH_SEARCH_PATHS = (
					"$(inherited)",
					"@executable_path/Frameworks",
				);
				MARKETING_VERSION = 1.0;
				PRODUCT_BUNDLE_IDENTIFIER = com.dahyechoi.RxPlaygrounds;
				PRODUCT_NAME = "$(TARGET_NAME)";
				SWIFT_EMIT_LOC_STRINGS = YES;
				SWIFT_VERSION = 5.0;
				TARGETED_DEVICE_FAMILY = "1,2";
			};
			name = Release;
		};
/* End XCBuildConfiguration section */

/* Begin XCConfigurationList section */
		EE3FCAE327C8B85D003CCCA9 /* Build configuration list for PBXProject "RxPlaygrounds" */ = {
			isa = XCConfigurationList;
			buildConfigurations = (
				EE3FCAFA27C8B85E003CCCA9 /* Debug */,
				EE3FCAFB27C8B85E003CCCA9 /* Release */,
			);
			defaultConfigurationIsVisible = 0;
			defaultConfigurationName = Release;
		};
		EE3FCAFC27C8B85E003CCCA9 /* Build configuration list for PBXNativeTarget "RxPlaygrounds" */ = {
			isa = XCConfigurationList;
			buildConfigurations = (
				EE3FCAFD27C8B85E003CCCA9 /* Debug */,
				EE3FCAFE27C8B85E003CCCA9 /* Release */,
			);
			defaultConfigurationIsVisible = 0;
			defaultConfigurationName = Release;
		};
/* End XCConfigurationList section */
	};
	rootObject = EE3FCAE027C8B85D003CCCA9 /* Project object */;
}
